// !$*UTF8*$!
{
	archiveVersion = 1;
	classes = {
	};
	objectVersion = 48;
	objects = {

/* Begin PBXBuildFile section */
		2F39266C200325CC00F46038 /* libreadline.tbd in Frameworks */ = {isa = PBXBuildFile; fileRef = 2F39266B200325CC00F46038 /* libreadline.tbd */; };
		2F39267520034B5600F46038 /* MAEMOPathProcessor.m in Sources */ = {isa = PBXBuildFile; fileRef = 2F39267420034B5600F46038 /* MAEMOPathProcessor.m */; };
		2F39268E2003655200F46038 /* MAEMOExtentionFilter.m in Sources */ = {isa = PBXBuildFile; fileRef = 2F39268D2003655200F46038 /* MAEMOExtentionFilter.m */; };
		2F9502B22001F25F00BD719B /* main.m in Sources */ = {isa = PBXBuildFile; fileRef = 2F9502B12001F25F00BD719B /* main.m */; };
/* End PBXBuildFile section */

/* Begin PBXCopyFilesBuildPhase section */
		2F9502AC2001F25F00BD719B /* CopyFiles */ = {
			isa = PBXCopyFilesBuildPhase;
			buildActionMask = 2147483647;
			dstPath = /usr/share/man/man1/;
			dstSubfolderSpec = 0;
			files = (
			);
			runOnlyForDeploymentPostprocessing = 1;
		};
/* End PBXCopyFilesBuildPhase section */

/* Begin PBXFileReference section */
		2F39266B200325CC00F46038 /* libreadline.tbd */ = {isa = PBXFileReference; lastKnownFileType = "sourcecode.text-based-dylib-definition"; name = libreadline.tbd; path = usr/lib/libreadline.tbd; sourceTree = SDKROOT; };
		2F39267320034B5600F46038 /* MAEMOPathProcessor.h */ = {isa = PBXFileReference; lastKnownFileType = sourcecode.c.h; path = MAEMOPathProcessor.h; sourceTree = "<group>"; };
		2F39267420034B5600F46038 /* MAEMOPathProcessor.m */ = {isa = PBXFileReference; lastKnownFileType = sourcecode.c.objc; path = MAEMOPathProcessor.m; sourceTree = "<group>"; };
		2F39268C2003655200F46038 /* MAEMOExtentionFilter.h */ = {isa = PBXFileReference; lastKnownFileType = sourcecode.c.h; path = MAEMOExtentionFilter.h; sourceTree = "<group>"; };
		2F39268D2003655200F46038 /* MAEMOExtentionFilter.m */ = {isa = PBXFileReference; lastKnownFileType = sourcecode.c.objc; path = MAEMOExtentionFilter.m; sourceTree = "<group>"; };
		2F9502AE2001F25F00BD719B /* addingSpaceBetweenChineseAndEnglish */ = {isa = PBXFileReference; explicitFileType = "compiled.mach-o.executable"; includeInIndex = 0; path = addingSpaceBetweenChineseAndEnglish; sourceTree = BUILT_PRODUCTS_DIR; };
		2F9502B12001F25F00BD719B /* main.m */ = {isa = PBXFileReference; lastKnownFileType = sourcecode.c.objc; path = main.m; sourceTree = "<group>"; };
/* End PBXFileReference section */

/* Begin PBXFrameworksBuildPhase section */
		2F9502AB2001F25F00BD719B /* Frameworks */ = {
			isa = PBXFrameworksBuildPhase;
			buildActionMask = 2147483647;
			files = (
				2F39266C200325CC00F46038 /* libreadline.tbd in Frameworks */,
			);
			runOnlyForDeploymentPostprocessing = 0;
		};
/* End PBXFrameworksBuildPhase section */

/* Begin PBXGroup section */
		2F39266A200325CC00F46038 /* Frameworks */ = {
			isa = PBXGroup;
			children = (
				2F39266B200325CC00F46038 /* libreadline.tbd */,
			);
			name = Frameworks;
			sourceTree = "<group>";
		};
		2F9502A52001F25F00BD719B = {
			isa = PBXGroup;
			children = (
				2F9502B02001F25F00BD719B /* addingSpaceBetweenChineseAndEnglish */,
				2F9502AF2001F25F00BD719B /* Products */,
				2F39266A200325CC00F46038 /* Frameworks */,
			);
			sourceTree = "<group>";
		};
		2F9502AF2001F25F00BD719B /* Products */ = {
			isa = PBXGroup;
			children = (
				2F9502AE2001F25F00BD719B /* addingSpaceBetweenChineseAndEnglish */,
			);
			name = Products;
			sourceTree = "<group>";
		};
		2F9502B02001F25F00BD719B /* addingSpaceBetweenChineseAndEnglish */ = {
			isa = PBXGroup;
			children = (
				2F9502B12001F25F00BD719B /* main.m */,
				2F39268C2003655200F46038 /* MAEMOExtentionFilter.h */,
				2F39268D2003655200F46038 /* MAEMOExtentionFilter.m */,
				2F39267320034B5600F46038 /* MAEMOPathProcessor.h */,
				2F39267420034B5600F46038 /* MAEMOPathProcessor.m */,
			);
			path = addingSpaceBetweenChineseAndEnglish;
			sourceTree = "<group>";
		};
/* End PBXGroup section */

/* Begin PBXNativeTarget section */
		2F9502AD2001F25F00BD719B /* addingSpaceBetweenChineseAndEnglish */ = {
			isa = PBXNativeTarget;
			buildConfigurationList = 2F9502B52001F25F00BD719B /* Build configuration list for PBXNativeTarget "addingSpaceBetweenChineseAndEnglish" */;
			buildPhases = (
				2F9502AA2001F25F00BD719B /* Sources */,
				2F9502AB2001F25F00BD719B /* Frameworks */,
				2F9502AC2001F25F00BD719B /* CopyFiles */,
			);
			buildRules = (
			);
			dependencies = (
			);
			name = addingSpaceBetweenChineseAndEnglish;
			productName = addingSpaceBetweenChineseAndEnglish;
			productReference = 2F9502AE2001F25F00BD719B /* addingSpaceBetweenChineseAndEnglish */;
			productType = "com.apple.product-type.tool";
		};
/* End PBXNativeTarget section */

/* Begin PBXProject section */
		2F9502A62001F25F00BD719B /* Project object */ = {
			isa = PBXProject;
			attributes = {
				LastUpgradeCheck = 0920;
				ORGANIZATIONNAME = "宅音かがや";
				TargetAttributes = {
					2F9502AD2001F25F00BD719B = {
						CreatedOnToolsVersion = 9.2;
						ProvisioningStyle = Automatic;
					};
				};
			};
			buildConfigurationList = 2F9502A92001F25F00BD719B /* Build configuration list for PBXProject "addingSpaceBetweenChineseAndEnglish" */;
			compatibilityVersion = "Xcode 8.0";
			developmentRegion = en;
			hasScannedForEncodings = 0;
			knownRegions = (
				en,
			);
			mainGroup = 2F9502A52001F25F00BD719B;
			productRefGroup = 2F9502AF2001F25F00BD719B /* Products */;
			projectDirPath = "";
			projectRoot = "";
			targets = (
				2F9502AD2001F25F00BD719B /* addingSpaceBetweenChineseAndEnglish */,
			);
		};
/* End PBXProject section */

/* Begin PBXSourcesBuildPhase section */
		2F9502AA2001F25F00BD719B /* Sources */ = {
			isa = PBXSourcesBuildPhase;
			buildActionMask = 2147483647;
			files = (
				2F39268E2003655200F46038 /* MAEMOExtentionFilter.m in Sources */,
				2F9502B22001F25F00BD719B /* main.m in Sources */,
				2F39267520034B5600F46038 /* MAEMOPathProcessor.m in Sources */,
			);
			runOnlyForDeploymentPostprocessing = 0;
		};
/* End PBXSourcesBuildPhase section */

/* Begin XCBuildConfiguration section */
		2F9502B32001F25F00BD719B /* Debug */ = {
			isa = XCBuildConfiguration;
			buildSettings = {
				ALWAYS_SEARCH_USER_PATHS = NO;
				CLANG_ANALYZER_NONNULL = YES;
				CLANG_ANALYZER_NUMBER_OBJECT_CONVERSION = YES_AGGRESSIVE;
				CLANG_CXX_LANGUAGE_STANDARD = "gnu++14";
				CLANG_CXX_LIBRARY = "libc++";
				CLANG_ENABLE_MODULES = YES;
				CLANG_ENABLE_OBJC_ARC = YES;
				CLANG_WARN_BLOCK_CAPTURE_AUTORELEASING = YES;
				CLANG_WARN_BOOL_CONVERSION = YES;
				CLANG_WARN_COMMA = YES;
				CLANG_WARN_CONSTANT_CONVERSION = YES;
				CLANG_WARN_DIRECT_OBJC_ISA_USAGE = YES_ERROR;
				CLANG_WARN_DOCUMENTATION_COMMENTS = YES;
				CLANG_WARN_EMPTY_BODY = YES;
				CLANG_WARN_ENUM_CONVERSION = YES;
				CLANG_WARN_INFINITE_RECURSION = YES;
				CLANG_WARN_INT_CONVERSION = YES;
				CLANG_WARN_NON_LITERAL_NULL_CONVERSION = YES;
				CLANG_WARN_OBJC_LITERAL_CONVERSION = YES;
				CLANG_WARN_OBJC_ROOT_CLASS = YES_ERROR;
				CLANG_WARN_RANGE_LOOP_ANALYSIS = YES;
				CLANG_WARN_STRICT_PROTOTYPES = YES;
				CLANG_WARN_SUSPICIOUS_MOVE = YES;
				CLANG_WARN_UNGUARDED_AVAILABILITY = YES_AGGRESSIVE;
				CLANG_WARN_UNREACHABLE_CODE = YES;
				CLANG_WARN__DUPLICATE_METHOD_MATCH = YES;
				CODE_SIGN_IDENTITY = "Mac Developer";
				COPY_PHASE_STRIP = NO;
				DEBUG_INFORMATION_FORMAT = dwarf;
				ENABLE_STRICT_OBJC_MSGSEND = YES;
				ENABLE_TESTABILITY = YES;
				GCC_C_LANGUAGE_STANDARD = gnu11;
				GCC_DYNAMIC_NO_PIC = NO;
				GCC_NO_COMMON_BLOCKS = YES;
				GCC_OPTIMIZATION_LEVEL = 0;
				GCC_PREPROCESSOR_DEFINITIONS = (
					"DEBUG=1",
					"$(inherited)",
				);
				GCC_WARN_64_TO_32_BIT_CONVERSION = YES;
				GCC_WARN_ABOUT_RETURN_TYPE = YES_ERROR;
				GCC_WARN_UNDECLARED_SELECTOR = YES;
				GCC_WARN_UNINITIALIZED_AUTOS = YES_AGGRESSIVE;
				GCC_WARN_UNUSED_FUNCTION = YES;
				GCC_WARN_UNUSED_VARIABLE = YES;
				MACOSX_DEPLOYMENT_TARGET = 10.13;
				MTL_ENABLE_DEBUG_INFO = YES;
				ONLY_ACTIVE_ARCH = YES;
				SDKROOT = macosx;
			};
			name = Debug;
		};
		2F9502B42001F25F00BD719B /* Release */ = {
			isa = XCBuildConfiguration;
			buildSettings = {
				ALWAYS_SEARCH_USER_PATHS = NO;
				CLANG_ANALYZER_NONNULL = YES;
				CLANG_ANALYZER_NUMBER_OBJECT_CONVERSION = YES_AGGRESSIVE;
				CLANG_CXX_LANGUAGE_STANDARD = "gnu++14";
				CLANG_CXX_LIBRARY = "libc++";
				CLANG_ENABLE_MODULES = YES;
				CLANG_ENABLE_OBJC_ARC = YES;
				CLANG_WARN_BLOCK_CAPTURE_AUTORELEASING = YES;
				CLANG_WARN_BOOL_CONVERSION = YES;
				CLANG_WARN_COMMA = YES;
				CLANG_WARN_CONSTANT_CONVERSION = YES;
				CLANG_WARN_DIRECT_OBJC_ISA_USAGE = YES_ERROR;
				CLANG_WARN_DOCUMENTATION_COMMENTS = YES;
				CLANG_WARN_EMPTY_BODY = YES;
				CLANG_WARN_ENUM_CONVERSION = YES;
				CLANG_WARN_INFINITE_RECURSION = YES;
				CLANG_WARN_INT_CONVERSION = YES;
				CLANG_WARN_NON_LITERAL_NULL_CONVERSION = YES;
				CLANG_WARN_OBJC_LITERAL_CONVERSION = YES;
				CLANG_WARN_OBJC_ROOT_CLASS = YES_ERROR;
				CLANG_WARN_RANGE_LOOP_ANALYSIS = YES;
				CLANG_WARN_STRICT_PROTOTYPES = YES;
				CLANG_WARN_SUSPICIOUS_MOVE = YES;
				CLANG_WARN_UNGUARDED_AVAILABILITY = YES_AGGRESSIVE;
				CLANG_WARN_UNREACHABLE_CODE = YES;
				CLANG_WARN__DUPLICATE_METHOD_MATCH = YES;
				CODE_SIGN_IDENTITY = "Mac Developer";
				COPY_PHASE_STRIP = NO;
				DEBUG_INFORMATION_FORMAT = "dwarf-with-dsym";
				ENABLE_NS_ASSERTIONS = NO;
				ENABLE_STRICT_OBJC_MSGSEND = YES;
				GCC_C_LANGUAGE_STANDARD = gnu11;
				GCC_NO_COMMON_BLOCKS = YES;
				GCC_WARN_64_TO_32_BIT_CONVERSION = YES;
				GCC_WARN_ABOUT_RETURN_TYPE = YES_ERROR;
				GCC_WARN_UNDECLARED_SELECTOR = YES;
				GCC_WARN_UNINITIALIZED_AUTOS = YES_AGGRESSIVE;
				GCC_WARN_UNUSED_FUNCTION = YES;
				GCC_WARN_UNUSED_VARIABLE = YES;
				MACOSX_DEPLOYMENT_TARGET = 10.13;
				MTL_ENABLE_DEBUG_INFO = NO;
				SDKROOT = macosx;
			};
			name = Release;
		};
		2F9502B62001F25F00BD719B /* Debug */ = {
			isa = XCBuildConfiguration;
			buildSettings = {
				CODE_SIGN_STYLE = Automatic;
				DEVELOPMENT_TEAM = 8DY6X3TUBR;
				PRODUCT_NAME = "$(TARGET_NAME)";
			};
			name = Debug;
		};
		2F9502B72001F25F00BD719B /* Release */ = {
			isa = XCBuildConfiguration;
			buildSettings = {
				CODE_SIGN_STYLE = Automatic;
				DEVELOPMENT_TEAM = 8DY6X3TUBR;
				PRODUCT_NAME = "$(TARGET_NAME)";
			};
			name = Release;
		};
/* End XCBuildConfiguration section */

/* Begin XCConfigurationList section */
		2F9502A92001F25F00BD719B /* Build configuration list for PBXProject "addingSpaceBetweenChineseAndEnglish" */ = {
			isa = XCConfigurationList;
			buildConfigurations = (
				2F9502B32001F25F00BD719B /* Debug */,
				2F9502B42001F25F00BD719B /* Release */,
			);
			defaultConfigurationIsVisible = 0;
			defaultConfigurationName = Release;
		};
		2F9502B52001F25F00BD719B /* Build configuration list for PBXNativeTarget "addingSpaceBetweenChineseAndEnglish" */ = {
			isa = XCConfigurationList;
			buildConfigurations = (
				2F9502B62001F25F00BD719B /* Debug */,
				2F9502B72001F25F00BD719B /* Release */,
			);
			defaultConfigurationIsVisible = 0;
			defaultConfigurationName = Release;
		};
/* End XCConfigurationList section */
	};
	rootObject = 2F9502A62001F25F00BD719B /* Project object */;
}
